hash: 4ac1a88d1230d0d86669482c3791e4407787cad1c7bf6c47682eed2f0c340fef
updated: 2019-02-09T15:20:20.762234225-08:00
imports:
- name: github.com/beorn7/perks
  version: 3a771d992973f24aa725d07868b467d1ddfceafb
  subpackages:
  - quantile
- name: github.com/davecgh/go-spew
  version: 782f4967f2dc4564575ca782fe2d04090b5faca8
  subpackages:
  - spew
- name: github.com/go-kit/kit
  version: 12210fb6ace19e0496167bb3e667dcd91fa9f69b
  subpackages:
  - log
  - log/level
- name: github.com/go-logfmt/logfmt
  version: 07c9b44f60d7ffdfb7d8efe1ad539965737836dc
- name: github.com/gogo/protobuf
  version: 342cbe0a04158f6dcb03ca0079991a51a4248c02
  subpackages:
  - proto
  - sortkeys
- name: github.com/golang/protobuf
  version: b4deda0973fb4c70b50d226b1af49f3da59f5265
  subpackages:
  - proto
  - ptypes
  - ptypes/any
  - ptypes/duration
  - ptypes/timestamp
- name: github.com/google/btree
  version: 7d79101e329e5a3adf994758c578dab82b90c017
- name: github.com/google/gofuzz
  version: 24818f796faf91cd76ec7bddd72458fbced7a6c1
- name: github.com/googleapis/gnostic
  version: 0c5108395e2debce0d731cf0287ddf7242066aba
  subpackages:
  - OpenAPIv2
  - compiler
  - extensions
- name: github.com/gregjones/httpcache
  version: 787624de3eb7bd915c329cba748687a3b22666a6
  subpackages:
  - diskcache
- name: github.com/hashicorp/golang-lru
  version: a0d98a5f288019575c6d1f4bb1573fef2d1fcdc4
  subpackages:
  - simplelru
- name: github.com/json-iterator/go
  version: ab8a2e0c74be9d3be70b3184d9acc634935ded82
- name: github.com/konsorten/go-windows-terminal-sequences
  version: 5c8c8bd35d3832f5d134ae1e1e375b69a4d25242
- name: github.com/kr/logfmt
  version: b84e30acd515aadc4b783ad4ff83aff3299bdfe0
- name: github.com/matryer/runner
  version: cf38584beeb2f574760aacdf7b1f33795c703cbf
- name: github.com/matttproud/golang_protobuf_extensions
  version: c182affec369e30f25d3eb8cd8a478dee585ae7d
  subpackages:
  - pbutil
- name: github.com/modern-go/concurrent
  version: bacd9c7ef1dd9b15be4a9909b8ac7a4e313eec94
- name: github.com/modern-go/reflect2
  version: 94122c33edd36123c84d5368cfb2b69df93a0ec8
- name: github.com/mwitkow/go-conntrack
  version: cc309e4a22231782e8893f3c35ced0967807a33e
- name: github.com/peterbourgon/diskv
  version: 5f041e8faa004a95c88a202771f4cc3e991971e6
- name: github.com/pkg/errors
  version: ba968bfe8b2f7e042a574c888954fccecfa385b4
- name: github.com/prometheus/client_golang
  version: 505eaef017263e299324067d40ca2c48f6a2cf50
  subpackages:
  - prometheus
  - prometheus/internal
  - prometheus/promhttp
- name: github.com/prometheus/client_model
  version: fd36f4220a901265f90734c3183c5f0c91daa0b8
  subpackages:
  - go
- name: github.com/prometheus/common
  version: cfeb6f9992ffa54aaa4f2170ade4067ee478b250
  subpackages:
  - config
  - expfmt
  - internal/bitbucket.org/ww/goautoneg
  - model
  - promlog
  - version
- name: github.com/prometheus/procfs
  version: 488faf799f863e27e50c516468f76ae8f1da20a5
  subpackages:
  - internal/util
  - nfs
  - xfs
- name: github.com/prometheus/prometheus
  version: 62e591f928ddf6b3468308b7ac1de1c63aa7fcf3
  subpackages:
  - discovery/kubernetes
  - discovery/marathon
  - discovery/targetgroup
  - util/strutil
- name: github.com/sirupsen/logrus
  version: e1e72e9de974bd926e5c56f83753fba2df402ce5
- name: golang.org/x/crypto
  version: de0752318171da717af4ce24d0a2e8626afaeb11
  subpackages:
  - ssh/terminal
- name: golang.org/x/net
  version: 0ed95abb35c445290478a5348a7b38bb154135fd
  subpackages:
  - context
  - http2
  - http2/hpack
  - idna
  - internal/timeseries
  - lex/httplex
  - publicsuffix
  - trace
- name: golang.org/x/oauth2
  version: a6bd8cefa1811bd24b86f8902872e4e8225f74c4
  subpackages:
  - google
  - internal
  - jws
  - jwt
- name: golang.org/x/sys
  version: 41f3e6584952bb034a481797859f6ab34b6803bd
  subpackages:
  - unix
  - windows
- name: golang.org/x/text
  version: b19bf474d317b857955b12035d2c5acb57ce8b01
  subpackages:
  - secure/bidirule
  - transform
  - unicode/bidi
  - unicode/norm
- name: golang.org/x/time
  version: f51c12702a4d776e4c1fa9b0fabab841babae631
  subpackages:
  - rate
- name: google.golang.org/appengine
  version: 99bc4335fe23898c0a61f5b35afabb6d11f29094
  subpackages:
  - internal
  - internal/base
  - internal/datastore
  - internal/log
  - internal/remote_api
  - internal/urlfetch
  - urlfetch
- name: gopkg.in/inf.v0
  version: 3887ee99ecf07df5b447e9b00d9c0b2adaa9f3e4
- name: gopkg.in/yaml.v2
  version: 51d6538a90f86fe93ac480b35f37b2be17fef232
- name: k8s.io/api
  version: d6697fa081c7efba85085143ad06d9815d5e8b1a
  subpackages:
  - admissionregistration/v1beta1
  - apps/v1
  - apps/v1beta1
  - apps/v1beta2
  - auditregistration/v1alpha1
  - authentication/v1
  - authentication/v1beta1
  - authorization/v1
  - authorization/v1beta1
  - autoscaling/v1
  - autoscaling/v2beta1
  - autoscaling/v2beta2
  - batch/v1
  - batch/v1beta1
  - batch/v2alpha1
  - certificates/v1beta1
  - coordination/v1
  - coordination/v1beta1
  - core/v1
  - events/v1beta1
  - extensions/v1beta1
  - networking/v1
  - policy/v1beta1
  - rbac/v1
  - rbac/v1alpha1
  - rbac/v1beta1
  - scheduling/v1alpha1
  - scheduling/v1beta1
  - settings/v1alpha1
  - storage/v1
  - storage/v1alpha1
  - storage/v1beta1
- name: k8s.io/apimachinery
  version: 615495ca8cddee7160e9983067a972e8dd572929
  subpackages:
  - pkg/api/errors
  - pkg/api/meta
  - pkg/api/resource
  - pkg/apis/meta/internalversion
  - pkg/apis/meta/v1
  - pkg/apis/meta/v1/unstructured
  - pkg/apis/meta/v1beta1
  - pkg/conversion
  - pkg/conversion/queryparams
  - pkg/fields
  - pkg/labels
  - pkg/runtime
  - pkg/runtime/schema
  - pkg/runtime/serializer
  - pkg/runtime/serializer/json
  - pkg/runtime/serializer/protobuf
  - pkg/runtime/serializer/recognizer
  - pkg/runtime/serializer/streaming
  - pkg/runtime/serializer/versioning
  - pkg/selection
  - pkg/types
  - pkg/util/cache
  - pkg/util/clock
  - pkg/util/diff
  - pkg/util/errors
  - pkg/util/framer
  - pkg/util/intstr
  - pkg/util/json
  - pkg/util/naming
  - pkg/util/net
  - pkg/util/runtime
  - pkg/util/sets
  - pkg/util/validation
  - pkg/util/validation/field
  - pkg/util/wait
  - pkg/util/yaml
  - pkg/version
  - pkg/watch
  - third_party/forked/golang/reflect
- name: k8s.io/client-go
  version: 19c7576fd9a6938ea27d451c480b1dfedea4edbb
  subpackages:
  - discovery
  - kubernetes
  - kubernetes/scheme
  - kubernetes/typed/admissionregistration/v1beta1
  - kubernetes/typed/apps/v1
  - kubernetes/typed/apps/v1beta1
  - kubernetes/typed/apps/v1beta2
  - kubernetes/typed/auditregistration/v1alpha1
  - kubernetes/typed/authentication/v1
  - kubernetes/typed/authentication/v1beta1
  - kubernetes/typed/authorization/v1
  - kubernetes/typed/authorization/v1beta1
  - kubernetes/typed/autoscaling/v1
  - kubernetes/typed/autoscaling/v2beta1
  - kubernetes/typed/autoscaling/v2beta2
  - kubernetes/typed/batch/v1
  - kubernetes/typed/batch/v1beta1
  - kubernetes/typed/batch/v2alpha1
  - kubernetes/typed/certificates/v1beta1
  - kubernetes/typed/coordination/v1
  - kubernetes/typed/coordination/v1beta1
  - kubernetes/typed/core/v1
  - kubernetes/typed/events/v1beta1
  - kubernetes/typed/extensions/v1beta1
  - kubernetes/typed/networking/v1
  - kubernetes/typed/policy/v1beta1
  - kubernetes/typed/rbac/v1
  - kubernetes/typed/rbac/v1alpha1
  - kubernetes/typed/rbac/v1beta1
  - kubernetes/typed/scheduling/v1alpha1
  - kubernetes/typed/scheduling/v1beta1
  - kubernetes/typed/settings/v1alpha1
  - kubernetes/typed/storage/v1
  - kubernetes/typed/storage/v1alpha1
  - kubernetes/typed/storage/v1beta1
  - pkg/apis/clientauthentication
  - pkg/apis/clientauthentication/v1alpha1
  - pkg/apis/clientauthentication/v1beta1
  - pkg/version
  - plugin/pkg/client/auth/exec
  - rest
  - rest/watch
  - tools/cache
  - tools/clientcmd/api
  - tools/metrics
  - tools/pager
  - tools/reference
  - transport
  - util/cert
  - util/connrotation
  - util/flowcontrol
  - util/retry
  - util/workqueue
- name: k8s.io/klog
  version: 8139d8cb77af419532b33dfa7dd09fbc5f1d344f
- name: k8s.io/utils
  version: ed37f7428a91fc2a81070808937195dcd46d320e
  subpackages:
  - buffer
  - integer
  - trace
- name: sigs.k8s.io/structured-merge-diff
  version: e5e029740eb81ee0217ecf9d950c25a0eeb9688a
  subpackages:
  - fieldpath
  - merge
  - schema
  - typed
  - value
- name: sigs.k8s.io/yaml
  version: fd68e9863619f6ec2fdd8625fe1f02e7c877e480
testImports:
- name: github.com/kr/pretty
  version: 73f6ac0b30a98e433b289500d779f50c1a6f0712
- name: github.com/kr/text
  version: e2ffdb16a802fe2bb95e2e35ff34f0e53aeef34f
- name: gopkg.in/check.v1
  version: 788fd78401277ebd861206a03c884797c6ec5541
